
Microsoft Visual Studio Solution File, Format Version 12.00
# Visual Studio Version 16
VisualStudioVersion = 16.0.31729.503
MinimumVisualStudioVersion = 10.0.40219.1
Project("{FAE04EC0-301F-11D3-BF4B-00C04F79EFBC}") = "BitCoinSimulator", "BitCoinSimulator\BitCoinSimulator.csproj", "{0A012421-5493-4BA0-A61F-6997A663ED0B}"
EndProject
Global
	GlobalSection(SolutionConfigurationPlatforms) = preSolution
		Debug|Any CPU = Debug|Any CPU
		Release|Any CPU = Release|Any CPU
	EndGlobalSection
	GlobalSection(ProjectConfigurationPlatforms) = postSolution
		{0A012421-5493-4BA0-A61F-6997A663ED0B}.Debug|Any CPU.ActiveCfg = Debug|Any CPU
		{0A012421-5493-4BA0-A61F-6997A663ED0B}.Debug|Any CPU.Build.0 = Debug|Any CPU
		{0A012421-5493-4BA0-A61F-6997A663ED0B}.Release|Any CPU.ActiveCfg = Release|Any CPU
		{0A012421-5493-4BA0-A61F-6997A663ED0B}.Release|Any CPU.Build.0 = Release|Any CPU
	EndGlobalSection
	GlobalSection(SolutionProperties) = preSolution
		HideSolutionNode = FALSE
	EndGlobalSection
	GlobalSection(ExtensibilityGlobals) = postSolution
		SolutionGuid = {603BF9A5-C356-4608-A4E3-D51A0428D3AC}
	EndGlobalSection
EndGlobal
